
Microsoft Visual Studio Solution File, Format Version 12.00
# Visual Studio Version 17
VisualStudioVersion = 17.8.34511.84
MinimumVisualStudioVersion = 10.0.40219.1
Project("{9A19103F-16F7-4668-BE54-9A1E7A4F7556}") = "MedicationManagement", "MedicationManagement\MedicationManagement.csproj", "{C2F48A47-1C7E-4701-9764-62D37519D72F}"
EndProject
Project("{FAE04EC0-301F-11D3-BF4B-00C04F79EFBC}") = "MedicationManagement.Tests", "MedicationManagement.Tests\MedicationManagement.Tests.csproj", "{D12D7D0C-A87F-4B26-8539-3EBCA14B8154}"
EndProject
Global
	GlobalSection(SolutionConfigurationPlatforms) = preSolution
		Debug|Any CPU = Debug|Any CPU
		Release|Any CPU = Release|Any CPU
	EndGlobalSection
	GlobalSection(ProjectConfigurationPlatforms) = postSolution
		{C2F48A47-1C7E-4701-9764-62D37519D72F}.Debug|Any CPU.ActiveCfg = Debug|Any CPU
		{C2F48A47-1C7E-4701-9764-62D37519D72F}.Debug|Any CPU.Build.0 = Debug|Any CPU
		{C2F48A47-1C7E-4701-9764-62D37519D72F}.Release|Any CPU.ActiveCfg = Release|Any CPU
		{C2F48A47-1C7E-4701-9764-62D37519D72F}.Release|Any CPU.Build.0 = Release|Any CPU
		{D12D7D0C-A87F-4B26-8539-3EBCA14B8154}.Debug|Any CPU.ActiveCfg = Debug|Any CPU
		{D12D7D0C-A87F-4B26-8539-3EBCA14B8154}.Debug|Any CPU.Build.0 = Debug|Any CPU
		{D12D7D0C-A87F-4B26-8539-3EBCA14B8154}.Release|Any CPU.ActiveCfg = Release|Any CPU
		{D12D7D0C-A87F-4B26-8539-3EBCA14B8154}.Release|Any CPU.Build.0 = Release|Any CPU
	EndGlobalSection
	GlobalSection(SolutionProperties) = preSolution
		HideSolutionNode = FALSE
	EndGlobalSection
	GlobalSection(ExtensibilityGlobals) = postSolution
		SolutionGuid = {A266430D-A02C-4931-A194-7875FCEEB1D6}
	EndGlobalSection
EndGlobal
